
Microsoft Visual Studio Solution File, Format Version 12.00
# Visual Studio Version 17
VisualStudioVersion = 17.3.32825.248
MinimumVisualStudioVersion = 10.0.40219.1
Project("{FAE04EC0-301F-11D3-BF4B-00C04F79EFBC}") = "WpfApp4", "WpfApp4\WpfApp4.csproj", "{2B3296B4-1E40-40B1-A6F5-E4DE8CE6CAA9}"
EndProject
Global
	GlobalSection(SolutionConfigurationPlatforms) = preSolution
		Debug|Any CPU = Debug|Any CPU
		Release|Any CPU = Release|Any CPU
	EndGlobalSection
	GlobalSection(ProjectConfigurationPlatforms) = postSolution
		{2B3296B4-1E40-40B1-A6F5-E4DE8CE6CAA9}.Debug|Any CPU.ActiveCfg = Debug|Any CPU
		{2B3296B4-1E40-40B1-A6F5-E4DE8CE6CAA9}.Debug|Any CPU.Build.0 = Debug|Any CPU
		{2B3296B4-1E40-40B1-A6F5-E4DE8CE6CAA9}.Release|Any CPU.ActiveCfg = Release|Any CPU
		{2B3296B4-1E40-40B1-A6F5-E4DE8CE6CAA9}.Release|Any CPU.Build.0 = Release|Any CPU
	EndGlobalSection
	GlobalSection(SolutionProperties) = preSolution
		HideSolutionNode = FALSE
	EndGlobalSection
	GlobalSection(ExtensibilityGlobals) = postSolution
		SolutionGuid = {DAD44A11-6995-40B1-8ECA-A16B5D16C3F2}
	EndGlobalSection
EndGlobal
